// !$*UTF8*$!
{
	archiveVersion = 1;
	classes = {
	};
	objectVersion = 46;
	objects = {

/* Begin PBXBuildFile section */
		5CD359F61832A6410033A090 /* Foundation.framework in Frameworks */ = {isa = PBXBuildFile; fileRef = 5CD359F51832A6410033A090 /* Foundation.framework */; };
		5CD359F81832A6410033A090 /* CoreGraphics.framework in Frameworks */ = {isa = PBXBuildFile; fileRef = 5CD359F71832A6410033A090 /* CoreGraphics.framework */; };
		5CD359FA1832A6410033A090 /* UIKit.framework in Frameworks */ = {isa = PBXBuildFile; fileRef = 5CD359F91832A6410033A090 /* UIKit.framework */; };
		5CD35A001832A6410033A090 /* InfoPlist.strings in Resources */ = {isa = PBXBuildFile; fileRef = 5CD359FE1832A6410033A090 /* InfoPlist.strings */; };
		5CD35A021832A6410033A090 /* main.m in Sources */ = {isa = PBXBuildFile; fileRef = 5CD35A011832A6410033A090 /* main.m */; };
		5CD35A061832A6410033A090 /* VOYAAppDelegate.m in Sources */ = {isa = PBXBuildFile; fileRef = 5CD35A051832A6410033A090 /* VOYAAppDelegate.m */; };
		5CD35A091832A6410033A090 /* Main.storyboard in Resources */ = {isa = PBXBuildFile; fileRef = 5CD35A071832A6410033A090 /* Main.storyboard */; };
		5CD35A0C1832A6410033A090 /* VOYAViewController.m in Sources */ = {isa = PBXBuildFile; fileRef = 5CD35A0B1832A6410033A090 /* VOYAViewController.m */; };
		5CD35A0E1832A6410033A090 /* Images.xcassets in Resources */ = {isa = PBXBuildFile; fileRef = 5CD35A0D1832A6410033A090 /* Images.xcassets */; };
		5CD35A151832A6410033A090 /* XCTest.framework in Frameworks */ = {isa = PBXBuildFile; fileRef = 5CD35A141832A6410033A090 /* XCTest.framework */; };
		5CD35A161832A6410033A090 /* Foundation.framework in Frameworks */ = {isa = PBXBuildFile; fileRef = 5CD359F51832A6410033A090 /* Foundation.framework */; };
		5CD35A171832A6410033A090 /* UIKit.framework in Frameworks */ = {isa = PBXBuildFile; fileRef = 5CD359F91832A6410033A090 /* UIKit.framework */; };
		5CD35A1F1832A6410033A090 /* InfoPlist.strings in Resources */ = {isa = PBXBuildFile; fileRef = 5CD35A1D1832A6410033A090 /* InfoPlist.strings */; };
		5CD35A211832A6410033A090 /* VOYATests.m in Sources */ = {isa = PBXBuildFile; fileRef = 5CD35A201832A6410033A090 /* VOYATests.m */; };
/* End PBXBuildFile section */

/* Begin PBXContainerItemProxy section */
		5CD35A181832A6410033A090 /* PBXContainerItemProxy */ = {
			isa = PBXContainerItemProxy;
			containerPortal = 5CD359EA1832A6410033A090 /* Project object */;
			proxyType = 1;
			remoteGlobalIDString = 5CD359F11832A6410033A090;
			remoteInfo = VOYA;
		};
/* End PBXContainerItemProxy section */

/* Begin PBXFileReference section */
		5CD359F21832A6410033A090 /* VOYA.app */ = {isa = PBXFileReference; explicitFileType = wrapper.application; includeInIndex = 0; path = VOYA.app; sourceTree = BUILT_PRODUCTS_DIR; };
		5CD359F51832A6410033A090 /* Foundation.framework */ = {isa = PBXFileReference; lastKnownFileType = wrapper.framework; name = Foundation.framework; path = System/Library/Frameworks/Foundation.framework; sourceTree = SDKROOT; };
		5CD359F71832A6410033A090 /* CoreGraphics.framework */ = {isa = PBXFileReference; lastKnownFileType = wrapper.framework; name = CoreGraphics.framework; path = System/Library/Frameworks/CoreGraphics.framework; sourceTree = SDKROOT; };
		5CD359F91832A6410033A090 /* UIKit.framework */ = {isa = PBXFileReference; lastKnownFileType = wrapper.framework; name = UIKit.framework; path = System/Library/Frameworks/UIKit.framework; sourceTree = SDKROOT; };
		5CD359FD1832A6410033A090 /* VOYA-Info.plist */ = {isa = PBXFileReference; lastKnownFileType = text.plist.xml; path = "VOYA-Info.plist"; sourceTree = "<group>"; };
		5CD359FF1832A6410033A090 /* en */ = {isa = PBXFileReference; lastKnownFileType = text.plist.strings; name = en; path = en.lproj/InfoPlist.strings; sourceTree = "<group>"; };
		5CD35A011832A6410033A090 /* main.m */ = {isa = PBXFileReference; lastKnownFileType = sourcecode.c.objc; path = main.m; sourceTree = "<group>"; };
		5CD35A031832A6410033A090 /* VOYA-Prefix.pch */ = {isa = PBXFileReference; lastKnownFileType = sourcecode.c.h; path = "VOYA-Prefix.pch"; sourceTree = "<group>"; };
		5CD35A041832A6410033A090 /* VOYAAppDelegate.h */ = {isa = PBXFileReference; lastKnownFileType = sourcecode.c.h; path = VOYAAppDelegate.h; sourceTree = "<group>"; };
		5CD35A051832A6410033A090 /* VOYAAppDelegate.m */ = {isa = PBXFileReference; lastKnownFileType = sourcecode.c.objc; path = VOYAAppDelegate.m; sourceTree = "<group>"; };
		5CD35A081832A6410033A090 /* Base */ = {isa = PBXFileReference; lastKnownFileType = file.storyboard; name = Base; path = Base.lproj/Main.storyboard; sourceTree = "<group>"; };
		5CD35A0A1832A6410033A090 /* VOYAViewController.h */ = {isa = PBXFileReference; lastKnownFileType = sourcecode.c.h; path = VOYAViewController.h; sourceTree = "<group>"; };
		5CD35A0B1832A6410033A090 /* VOYAViewController.m */ = {isa = PBXFileReference; lastKnownFileType = sourcecode.c.objc; path = VOYAViewController.m; sourceTree = "<group>"; };
		5CD35A0D1832A6410033A090 /* Images.xcassets */ = {isa = PBXFileReference; lastKnownFileType = folder.assetcatalog; path = Images.xcassets; sourceTree = "<group>"; };
		5CD35A131832A6410033A090 /* VOYATests.xctest */ = {isa = PBXFileReference; explicitFileType = wrapper.cfbundle; includeInIndex = 0; path = VOYATests.xctest; sourceTree = BUILT_PRODUCTS_DIR; };
		5CD35A141832A6410033A090 /* XCTest.framework */ = {isa = PBXFileReference; lastKnownFileType = wrapper.framework; name = XCTest.framework; path = Library/Frameworks/XCTest.framework; sourceTree = DEVELOPER_DIR; };
		5CD35A1C1832A6410033A090 /* VOYATests-Info.plist */ = {isa = PBXFileReference; lastKnownFileType = text.plist.xml; path = "VOYATests-Info.plist"; sourceTree = "<group>"; };
		5CD35A1E1832A6410033A090 /* en */ = {isa = PBXFileReference; lastKnownFileType = text.plist.strings; name = en; path = en.lproj/InfoPlist.strings; sourceTree = "<group>"; };
		5CD35A201832A6410033A090 /* VOYATests.m */ = {isa = PBXFileReference; lastKnownFileType = sourcecode.c.objc; path = VOYATests.m; sourceTree = "<group>"; };
/* End PBXFileReference section */

/* Begin PBXFrameworksBuildPhase section */
		5CD359EF1832A6410033A090 /* Frameworks */ = {
			isa = PBXFrameworksBuildPhase;
			buildActionMask = 2147483647;
			files = (
				5CD359F81832A6410033A090 /* CoreGraphics.framework in Frameworks */,
				5CD359FA1832A6410033A090 /* UIKit.framework in Frameworks */,
				5CD359F61832A6410033A090 /* Foundation.framework in Frameworks */,
			);
			runOnlyForDeploymentPostprocessing = 0;
		};
		5CD35A101832A6410033A090 /* Frameworks */ = {
			isa = PBXFrameworksBuildPhase;
			buildActionMask = 2147483647;
			files = (
				5CD35A151832A6410033A090 /* XCTest.framework in Frameworks */,
				5CD35A171832A6410033A090 /* UIKit.framework in Frameworks */,
				5CD35A161832A6410033A090 /* Foundation.framework in Frameworks */,
			);
			runOnlyForDeploymentPostprocessing = 0;
		};
/* End PBXFrameworksBuildPhase section */

/* Begin PBXGroup section */
		5CD359E91832A6410033A090 = {
			isa = PBXGroup;
			children = (
				5CD359FB1832A6410033A090 /* VOYA */,
				5CD35A1A1832A6410033A090 /* VOYATests */,
				5CD359F41832A6410033A090 /* Frameworks */,
				5CD359F31832A6410033A090 /* Products */,
			);
			sourceTree = "<group>";
		};
		5CD359F31832A6410033A090 /* Products */ = {
			isa = PBXGroup;
			children = (
				5CD359F21832A6410033A090 /* VOYA.app */,
				5CD35A131832A6410033A090 /* VOYATests.xctest */,
			);
			name = Products;
			sourceTree = "<group>";
		};
		5CD359F41832A6410033A090 /* Frameworks */ = {
			isa = PBXGroup;
			children = (
				5CD359F51832A6410033A090 /* Foundation.framework */,
				5CD359F71832A6410033A090 /* CoreGraphics.framework */,
				5CD359F91832A6410033A090 /* UIKit.framework */,
				5CD35A141832A6410033A090 /* XCTest.framework */,
			);
			name = Frameworks;
			sourceTree = "<group>";
		};
		5CD359FB1832A6410033A090 /* VOYA */ = {
			isa = PBXGroup;
			children = (
				5CD35A041832A6410033A090 /* VOYAAppDelegate.h */,
				5CD35A051832A6410033A090 /* VOYAAppDelegate.m */,
				5CD35A071832A6410033A090 /* Main.storyboard */,
				5CD35A0A1832A6410033A090 /* VOYAViewController.h */,
				5CD35A0B1832A6410033A090 /* VOYAViewController.m */,
				5CD35A0D1832A6410033A090 /* Images.xcassets */,
				5CD359FC1832A6410033A090 /* Supporting Files */,
			);
			path = VOYA;
			sourceTree = "<group>";
		};
		5CD359FC1832A6410033A090 /* Supporting Files */ = {
			isa = PBXGroup;
			children = (
				5CD359FD1832A6410033A090 /* VOYA-Info.plist */,
				5CD359FE1832A6410033A090 /* InfoPlist.strings */,
				5CD35A011832A6410033A090 /* main.m */,
				5CD35A031832A6410033A090 /* VOYA-Prefix.pch */,
			);
			name = "Supporting Files";
			sourceTree = "<group>";
		};
		5CD35A1A1832A6410033A090 /* VOYATests */ = {
			isa = PBXGroup;
			children = (
				5CD35A201832A6410033A090 /* VOYATests.m */,
				5CD35A1B1832A6410033A090 /* Supporting Files */,
			);
			path = VOYATests;
			sourceTree = "<group>";
		};
		5CD35A1B1832A6410033A090 /* Supporting Files */ = {
			isa = PBXGroup;
			children = (
				5CD35A1C1832A6410033A090 /* VOYATests-Info.plist */,
				5CD35A1D1832A6410033A090 /* InfoPlist.strings */,
			);
			name = "Supporting Files";
			sourceTree = "<group>";
		};
/* End PBXGroup section */

/* Begin PBXNativeTarget section */
		5CD359F11832A6410033A090 /* VOYA */ = {
			isa = PBXNativeTarget;
			buildConfigurationList = 5CD35A241832A6410033A090 /* Build configuration list for PBXNativeTarget "VOYA" */;
			buildPhases = (
				5CD359EE1832A6410033A090 /* Sources */,
				5CD359EF1832A6410033A090 /* Frameworks */,
				5CD359F01832A6410033A090 /* Resources */,
			);
			buildRules = (
			);
			dependencies = (
			);
			name = VOYA;
			productName = VOYA;
			productReference = 5CD359F21832A6410033A090 /* VOYA.app */;
			productType = "com.apple.product-type.application";
		};
		5CD35A121832A6410033A090 /* VOYATests */ = {
			isa = PBXNativeTarget;
			buildConfigurationList = 5CD35A271832A6410033A090 /* Build configuration list for PBXNativeTarget "VOYATests" */;
			buildPhases = (
				5CD35A0F1832A6410033A090 /* Sources */,
				5CD35A101832A6410033A090 /* Frameworks */,
				5CD35A111832A6410033A090 /* Resources */,
			);
			buildRules = (
			);
			dependencies = (
				5CD35A191832A6410033A090 /* PBXTargetDependency */,
			);
			name = VOYATests;
			productName = VOYATests;
			productReference = 5CD35A131832A6410033A090 /* VOYATests.xctest */;
			productType = "com.apple.product-type.bundle.unit-test";
		};
/* End PBXNativeTarget section */

/* Begin PBXProject section */
		5CD359EA1832A6410033A090 /* Project object */ = {
			isa = PBXProject;
			attributes = {
				CLASSPREFIX = VOYA;
				LastUpgradeCheck = 0500;
				ORGANIZATIONNAME = CHIRU;
				TargetAttributes = {
					5CD35A121832A6410033A090 = {
						TestTargetID = 5CD359F11832A6410033A090;
					};
				};
			};
			buildConfigurationList = 5CD359ED1832A6410033A090 /* Build configuration list for PBXProject "VOYA" */;
			compatibilityVersion = "Xcode 3.2";
			developmentRegion = English;
			hasScannedForEncodings = 0;
			knownRegions = (
				en,
				Base,
			);
			mainGroup = 5CD359E91832A6410033A090;
			productRefGroup = 5CD359F31832A6410033A090 /* Products */;
			projectDirPath = "";
			projectRoot = "";
			targets = (
				5CD359F11832A6410033A090 /* VOYA */,
				5CD35A121832A6410033A090 /* VOYATests */,
			);
		};
/* End PBXProject section */

/* Begin PBXResourcesBuildPhase section */
		5CD359F01832A6410033A090 /* Resources */ = {
			isa = PBXResourcesBuildPhase;
			buildActionMask = 2147483647;
			files = (
				5CD35A0E1832A6410033A090 /* Images.xcassets in Resources */,
				5CD35A001832A6410033A090 /* InfoPlist.strings in Resources */,
				5CD35A091832A6410033A090 /* Main.storyboard in Resources */,
			);
			runOnlyForDeploymentPostprocessing = 0;
		};
		5CD35A111832A6410033A090 /* Resources */ = {
			isa = PBXResourcesBuildPhase;
			buildActionMask = 2147483647;
			files = (
				5CD35A1F1832A6410033A090 /* InfoPlist.strings in Resources */,
			);
			runOnlyForDeploymentPostprocessing = 0;
		};
/* End PBXResourcesBuildPhase section */

/* Begin PBXSourcesBuildPhase section */
		5CD359EE1832A6410033A090 /* Sources */ = {
			isa = PBXSourcesBuildPhase;
			buildActionMask = 2147483647;
			files = (
				5CD35A021832A6410033A090 /* main.m in Sources */,
				5CD35A0C1832A6410033A090 /* VOYAViewController.m in Sources */,
				5CD35A061832A6410033A090 /* VOYAAppDelegate.m in Sources */,
			);
			runOnlyForDeploymentPostprocessing = 0;
		};
		5CD35A0F1832A6410033A090 /* Sources */ = {
			isa = PBXSourcesBuildPhase;
			buildActionMask = 2147483647;
			files = (
				5CD35A211832A6410033A090 /* VOYATests.m in Sources */,
			);
			runOnlyForDeploymentPostprocessing = 0;
		};
/* End PBXSourcesBuildPhase section */

/* Begin PBXTargetDependency section */
		5CD35A191832A6410033A090 /* PBXTargetDependency */ = {
			isa = PBXTargetDependency;
			target = 5CD359F11832A6410033A090 /* VOYA */;
			targetProxy = 5CD35A181832A6410033A090 /* PBXContainerItemProxy */;
		};
/* End PBXTargetDependency section */

/* Begin PBXVariantGroup section */
		5CD359FE1832A6410033A090 /* InfoPlist.strings */ = {
			isa = PBXVariantGroup;
			children = (
				5CD359FF1832A6410033A090 /* en */,
			);
			name = InfoPlist.strings;
			sourceTree = "<group>";
		};
		5CD35A071832A6410033A090 /* Main.storyboard */ = {
			isa = PBXVariantGroup;
			children = (
				5CD35A081832A6410033A090 /* Base */,
			);
			name = Main.storyboard;
			sourceTree = "<group>";
		};
		5CD35A1D1832A6410033A090 /* InfoPlist.strings */ = {
			isa = PBXVariantGroup;
			children = (
				5CD35A1E1832A6410033A090 /* en */,
			);
			name = InfoPlist.strings;
			sourceTree = "<group>";
		};
/* End PBXVariantGroup section */

/* Begin XCBuildConfiguration section */
		5CD35A221832A6410033A090 /* Debug */ = {
			isa = XCBuildConfiguration;
			buildSettings = {
				ALWAYS_SEARCH_USER_PATHS = NO;
				ARCHS = "$(ARCHS_STANDARD_INCLUDING_64_BIT)";
				CLANG_CXX_LANGUAGE_STANDARD = "gnu++0x";
				CLANG_CXX_LIBRARY = "libc++";
				CLANG_ENABLE_MODULES = YES;
				CLANG_ENABLE_OBJC_ARC = YES;
				CLANG_WARN_BOOL_CONVERSION = YES;
				CLANG_WARN_CONSTANT_CONVERSION = YES;
				CLANG_WARN_DIRECT_OBJC_ISA_USAGE = YES_ERROR;
				CLANG_WARN_EMPTY_BODY = YES;
				CLANG_WARN_ENUM_CONVERSION = YES;
				CLANG_WARN_INT_CONVERSION = YES;
				CLANG_WARN_OBJC_ROOT_CLASS = YES_ERROR;
				CLANG_WARN__DUPLICATE_METHOD_MATCH = YES;
				"CODE_SIGN_IDENTITY[sdk=iphoneos*]" = "iPhone Developer";
				COPY_PHASE_STRIP = NO;
				GCC_C_LANGUAGE_STANDARD = gnu99;
				GCC_DYNAMIC_NO_PIC = NO;
				GCC_OPTIMIZATION_LEVEL = 0;
				GCC_PREPROCESSOR_DEFINITIONS = (
					"DEBUG=1",
					"$(inherited)",
				);
				GCC_SYMBOLS_PRIVATE_EXTERN = NO;
				GCC_WARN_64_TO_32_BIT_CONVERSION = YES;
				GCC_WARN_ABOUT_RETURN_TYPE = YES_ERROR;
				GCC_WARN_UNDECLARED_SELECTOR = YES;
				GCC_WARN_UNINITIALIZED_AUTOS = YES;
				GCC_WARN_UNUSED_FUNCTION = YES;
				GCC_WARN_UNUSED_VARIABLE = YES;
				IPHONEOS_DEPLOYMENT_TARGET = 7.0;
				ONLY_ACTIVE_ARCH = YES;
				SDKROOT = iphoneos;
			};
			name = Debug;
		};
		5CD35A231832A6410033A090 /* Release */ = {
			isa = XCBuildConfiguration;
			buildSettings = {
				ALWAYS_SEARCH_USER_PATHS = NO;
				ARCHS = "$(ARCHS_STANDARD_INCLUDING_64_BIT)";
				CLANG_CXX_LANGUAGE_STANDARD = "gnu++0x";
				CLANG_CXX_LIBRARY = "libc++";
				CLANG_ENABLE_MODULES = YES;
				CLANG_ENABLE_OBJC_ARC = YES;
				CLANG_WARN_BOOL_CONVERSION = YES;
				CLANG_WARN_CONSTANT_CONVERSION = YES;
				CLANG_WARN_DIRECT_OBJC_ISA_USAGE = YES_ERROR;
				CLANG_WARN_EMPTY_BODY = YES;
				CLANG_WARN_ENUM_CONVERSION = YES;
				CLANG_WARN_INT_CONVERSION = YES;
				CLANG_WARN_OBJC_ROOT_CLASS = YES_ERROR;
				CLANG_WARN__DUPLICATE_METHOD_MATCH = YES;
				"CODE_SIGN_IDENTITY[sdk=iphoneos*]" = "iPhone Developer";
				COPY_PHASE_STRIP = YES;
				ENABLE_NS_ASSERTIONS = NO;
				GCC_C_LANGUAGE_STANDARD = gnu99;
				GCC_WARN_64_TO_32_BIT_CONVERSION = YES;
				GCC_WARN_ABOUT_RETURN_TYPE = YES_ERROR;
				GCC_WARN_UNDECLARED_SELECTOR = YES;
				GCC_WARN_UNINITIALIZED_AUTOS = YES;
				GCC_WARN_UNUSED_FUNCTION = YES;
				GCC_WARN_UNUSED_VARIABLE = YES;
				IPHONEOS_DEPLOYMENT_TARGET = 7.0;
				SDKROOT = iphoneos;
				VALIDATE_PRODUCT = YES;
			};
			name = Release;
		};
		5CD35A251832A6410033A090 /* Debug */ = {
			isa = XCBuildConfiguration;
			buildSettings = {
				ASSETCATALOG_COMPILER_APPICON_NAME = AppIcon;
				ASSETCATALOG_COMPILER_LAUNCHIMAGE_NAME = LaunchImage;
				GCC_PRECOMPILE_PREFIX_HEADER = YES;
				GCC_PREFIX_HEADER = "VOYA/VOYA-Prefix.pch";
				INFOPLIST_FILE = "VOYA/VOYA-Info.plist";
				PRODUCT_NAME = "$(TARGET_NAME)";
				WRAPPER_EXTENSION = app;
			};
			name = Debug;
		};
		5CD35A261832A6410033A090 /* Release */ = {
			isa = XCBuildConfiguration;
			buildSettings = {
				ASSETCATALOG_COMPILER_APPICON_NAME = AppIcon;
				ASSETCATALOG_COMPILER_LAUNCHIMAGE_NAME = LaunchImage;
				GCC_PRECOMPILE_PREFIX_HEADER = YES;
				GCC_PREFIX_HEADER = "VOYA/VOYA-Prefix.pch";
				INFOPLIST_FILE = "VOYA/VOYA-Info.plist";
				PRODUCT_NAME = "$(TARGET_NAME)";
				WRAPPER_EXTENSION = app;
			};
			name = Release;
		};
		5CD35A281832A6410033A090 /* Debug */ = {
			isa = XCBuildConfiguration;
			buildSettings = {
				ARCHS = "$(ARCHS_STANDARD_INCLUDING_64_BIT)";
				BUNDLE_LOADER = "$(BUILT_PRODUCTS_DIR)/VOYA.app/VOYA";
				FRAMEWORK_SEARCH_PATHS = (
					"$(SDKROOT)/Developer/Library/Frameworks",
					"$(inherited)",
					"$(DEVELOPER_FRAMEWORKS_DIR)",
				);
				GCC_PRECOMPILE_PREFIX_HEADER = YES;
				GCC_PREFIX_HEADER = "VOYA/VOYA-Prefix.pch";
				GCC_PREPROCESSOR_DEFINITIONS = (
					"DEBUG=1",
					"$(inherited)",
				);
				INFOPLIST_FILE = "VOYATests/VOYATests-Info.plist";
				PRODUCT_NAME = "$(TARGET_NAME)";
				TEST_HOST = "$(BUNDLE_LOADER)";
				WRAPPER_EXTENSION = xctest;
			};
			name = Debug;
		};
		5CD35A291832A6410033A090 /* Release */ = {
			isa = XCBuildConfiguration;
			buildSettings = {
				ARCHS = "$(ARCHS_STANDARD_INCLUDING_64_BIT)";
				BUNDLE_LOADER = "$(BUILT_PRODUCTS_DIR)/VOYA.app/VOYA";
				FRAMEWORK_SEARCH_PATHS = (
					"$(SDKROOT)/Developer/Library/Frameworks",
					"$(inherited)",
					"$(DEVELOPER_FRAMEWORKS_DIR)",
				);
				GCC_PRECOMPILE_PREFIX_HEADER = YES;
				GCC_PREFIX_HEADER = "VOYA/VOYA-Prefix.pch";
				INFOPLIST_FILE = "VOYATests/VOYATests-Info.plist";
				PRODUCT_NAME = "$(TARGET_NAME)";
				TEST_HOST = "$(BUNDLE_LOADER)";
				WRAPPER_EXTENSION = xctest;
			};
			name = Release;
		};
/* End XCBuildConfiguration section */

/* Begin XCConfigurationList section */
		5CD359ED1832A6410033A090 /* Build configuration list for PBXProject "VOYA" */ = {
			isa = XCConfigurationList;
			buildConfigurations = (
				5CD35A221832A6410033A090 /* Debug */,
				5CD35A231832A6410033A090 /* Release */,
			);
			defaultConfigurationIsVisible = 0;
			defaultConfigurationName = Release;
		};
		5CD35A241832A6410033A090 /* Build configuration list for PBXNativeTarget "VOYA" */ = {
			isa = XCConfigurationList;
			buildConfigurations = (
				5CD35A251832A6410033A090 /* Debug */,
				5CD35A261832A6410033A090 /* Release */,
			);
			defaultConfigurationIsVisible = 0;
		};
		5CD35A271832A6410033A090 /* Build configuration list for PBXNativeTarget "VOYATests" */ = {
			isa = XCConfigurationList;
			buildConfigurations = (
				5CD35A281832A6410033A090 /* Debug */,
				5CD35A291832A6410033A090 /* Release */,
			);
			defaultConfigurationIsVisible = 0;
		};
/* End XCConfigurationList section */
	};
	rootObject = 5CD359EA1832A6410033A090 /* Project object */;
}
